
Microsoft Visual Studio Solution File, Format Version 12.00
# Visual Studio Version 17
VisualStudioVersion = 17.6.33829.357
MinimumVisualStudioVersion = 10.0.40219.1
Project("{FAE04EC0-301F-11D3-BF4B-00C04F79EFBC}") = "WordGameConsoleApp", "WordGameConsoleApp\WordGameConsoleApp.csproj", "{CB991608-BCD0-4CE5-82AB-8A7EC7C29D40}"
EndProject
Global
	GlobalSection(SolutionConfigurationPlatforms) = preSolution
		Debug|Any CPU = Debug|Any CPU
		Release|Any CPU = Release|Any CPU
	EndGlobalSection
	GlobalSection(ProjectConfigurationPlatforms) = postSolution
		{CB991608-BCD0-4CE5-82AB-8A7EC7C29D40}.Debug|Any CPU.ActiveCfg = Debug|Any CPU
		{CB991608-BCD0-4CE5-82AB-8A7EC7C29D40}.Debug|Any CPU.Build.0 = Debug|Any CPU
		{CB991608-BCD0-4CE5-82AB-8A7EC7C29D40}.Release|Any CPU.ActiveCfg = Release|Any CPU
		{CB991608-BCD0-4CE5-82AB-8A7EC7C29D40}.Release|Any CPU.Build.0 = Release|Any CPU
	EndGlobalSection
	GlobalSection(SolutionProperties) = preSolution
		HideSolutionNode = FALSE
	EndGlobalSection
	GlobalSection(ExtensibilityGlobals) = postSolution
		SolutionGuid = {3928649B-09A2-4677-902D-539484DC538D}
	EndGlobalSection
EndGlobal
